<?xml version="1.0" encoding="UTF-8" standalone="yes" ?>
<CodeBlocks_project_file>
	<FileVersion major="1" minor="6" />
	<Project>
		<Option title="SoftProc" />
		<Option pch_mode="2" />
		<Option compiler="gcc" />
		<Build>
			<Target title="Debug Processor">
				<Option output="bin/Debug/processor" prefix_auto="1" extension_auto="1" />
				<Option object_output="obj/Debug/" />
				<Option type="1" />
				<Option compiler="gcc" />
				<Option parameters="-vv ./programs/test.aef" />
				<Compiler>
					<Add option="-g" />
				</Compiler>
			</Target>
			<Target title="Release Processor">
				<Option output="bin/Release/processor" prefix_auto="1" extension_auto="1" />
				<Option object_output="obj/Release/" />
				<Option type="1" />
				<Option compiler="gcc" />
				<Option parameters="-vv ./programs/test.aef" />
				<Compiler>
					<Add option="-O2" />
					<Add option="-DSTACK_VALIDATION_LEVEL=1" />
				</Compiler>
				<Linker>
					<Add option="-s" />
				</Linker>
			</Target>
			<Target title="Debug Assembler">
				<Option output="bin/Debug/assembler" prefix_auto="1" extension_auto="1" />
				<Option object_output="obj/Debug/" />
				<Option type="1" />
				<Option compiler="gcc" />
				<Option parameters="-i ./programs/test.aaf -o ./programs/test.aef -vv" />
				<Compiler>
					<Add option="-g" />
				</Compiler>
			</Target>
			<Target title="Release Assembler">
				<Option output="bin/Release/assembler" prefix_auto="1" extension_auto="1" />
				<Option object_output="obj/Release/" />
				<Option type="1" />
				<Option compiler="gcc" />
				<Option parameters="-i ./programs/test.aaf -o ./programs/test.aef -vv" />
				<Compiler>
					<Add option="-O2" />
				</Compiler>
				<Linker>
					<Add option="-s" />
				</Linker>
			</Target>
		</Build>
		<VirtualTargets>
			<Add alias="Release" targets="Release Processor;Release Assembler;" />
		</VirtualTargets>
		<Compiler>
			<Add option="-Wnon-virtual-dtor" />
			<Add option="-Wshadow" />
			<Add option="-Winit-self" />
			<Add option="-Wredundant-decls" />
			<Add option="-Wcast-align" />
			<Add option="-Wundef" />
			<Add option="-Wfloat-equal" />
			<Add option="-Winline" />
			<Add option="-Wunreachable-code" />
			<Add option="-Wmissing-declarations" />
			<Add option="-Wswitch-enum" />
			<Add option="-Wswitch-default" />
			<Add option="-Wmain" />
			<Add option="-Wextra" />
			<Add option="-Wall" />
			<Add option="-fexceptions" />
			<Add option="-Wno-multichar" />
			<Add option="-D__USE_MINGW_ANSI_STDIO" />
		</Compiler>
		<ExtraCommands>
			<Add before="python ./opcodes_builder.py -i opcodes.def -o opcodes.h" />
			<Mode after="always" />
		</ExtraCommands>
		<Unit filename="aef_file.cpp" />
		<Unit filename="aef_file.h" />
		<Unit filename="assembler.cpp">
			<Option target="Debug Assembler" />
			<Option target="Release Assembler" />
		</Unit>
		<Unit filename="assembler.h">
			<Option target="Debug Assembler" />
			<Option target="Release Assembler" />
		</Unit>
		<Unit filename="assembler_main.cpp">
			<Option target="Debug Assembler" />
			<Option target="Release Assembler" />
		</Unit>
		<Unit filename="constants.h" />
		<Unit filename="general.cpp" />
		<Unit filename="general.h">
			<Option target="Debug Processor" />
			<Option target="Debug Assembler" />
			<Option target="Release Assembler" />
		</Unit>
		<Unit filename="opcodes.h" />
		<Unit filename="processor_main.cpp">
			<Option target="Debug Processor" />
			<Option target="Release Processor" />
		</Unit>
		<Unit filename="program.cpp">
			<Option target="Debug Processor" />
			<Option target="Release Processor" />
		</Unit>
		<Unit filename="program.h">
			<Option target="Debug Processor" />
			<Option target="Release Processor" />
		</Unit>
		<Unit filename="textfile.cpp">
			<Option target="Debug Assembler" />
			<Option target="Release Assembler" />
		</Unit>
		<Unit filename="textfile.h">
			<Option target="Debug Assembler" />
			<Option target="Release Assembler" />
		</Unit>
		<Unit filename="version.h" />
		<Extensions>
			<lib_finder disable_auto="1" />
		</Extensions>
	</Project>
</CodeBlocks_project_file>
