<?xml version="1.0" encoding="UTF-8" standalone="yes" ?>
<CodeBlocks_project_file>
	<FileVersion major="1" minor="6" />
	<Project>
		<Option title="ALC" />
		<Option pch_mode="2" />
		<Option compiler="gcc" />
		<Build>
			<Target title="Debug">
				<Option output="bin/$(TARGET_NAME)/ALC" prefix_auto="1" extension_auto="1" />
				<Option working_dir="" />
				<Option object_output="obj/$(TARGET_NAME)/" />
				<Option type="2" />
				<Option compiler="gcc" />
				<Option createDefFile="1" />
				<Compiler>
					<Add option="-Wall" />
					<Add option="-g" />
				</Compiler>
			</Target>
			<Target title="Release">
				<Option output="bin/$(TARGET_NAME)/ALC" prefix_auto="1" extension_auto="1" />
				<Option working_dir="" />
				<Option object_output="obj/$(TARGET_NAME)/" />
				<Option type="2" />
				<Option compiler="gcc" />
				<Option createDefFile="1" />
				<Compiler>
					<Add option="-O2" />
					<Add option="-Wall" />
				</Compiler>
				<Linker>
					<Add option="-s" />
				</Linker>
			</Target>
		</Build>
		<Compiler>
			<Add option="-D__USE_MINGW_ANSI_STDIO=1" />
			<Add directory="$(PROJECT_DIR)/Include/" />
			<Add directory="$(PROJECT_DIR)/Source/" />
		</Compiler>
		<Unit filename="Include/crc32.h" />
		<Unit filename="Include/macros.h" />
		<Unit filename="Include/utest.h" />
		<Unit filename="Source/crc32.cpp" />
		<Extensions />
	</Project>
</CodeBlocks_project_file>
